<?xml version="1.0" encoding="UTF-8" standalone="yes" ?>
<CodeBlocks_project_file>
	<FileVersion major="1" minor="6" />
	<Project>
		<Option title="Oneka" />
		<Option pch_mode="2" />
		<Option compiler="gfortran" />
		<Build>
			<Target title="Debug">
				<Option output="bin/Debug/Oneka" prefix_auto="1" extension_auto="1" />
				<Option object_output="obj/Debug/" />
				<Option type="1" />
				<Option compiler="gfortran" />
				<Option parameters=".\data\Basic" />
				<Compiler>
					<Add option="-fimplicit-none" />
					<Add option="-ffree-line-length-none" />
					<Add option="-ffree-form" />
					<Add option="-Wimplicit-interface" />
					<Add option="-Wconversion" />
					<Add option="-pedantic" />
					<Add option="-Wextra" />
					<Add option="-Wall" />
					<Add option="-fcheck=bounds" />
					<Add option="-fcheck=all" />
					<Add option="-g" />
				</Compiler>
			</Target>
			<Target title="Release">
				<Option output="bin/Release/Oneka" prefix_auto="1" extension_auto="1" />
				<Option object_output="obj/Release/" />
				<Option type="1" />
				<Option compiler="gfortran" />
				<Option parameters=".\data\Basic" />
				<Compiler>
					<Add option="-fexpensive-optimizations" />
					<Add option="-O2" />
					<Add option="-fimplicit-none" />
					<Add option="-ffree-line-length-none" />
					<Add option="-ffree-form" />
				</Compiler>
				<Linker>
					<Add option="-static" />
				</Linker>
				<ExtraCommands>
					<Add after='cmd /c &quot;copy .\bin\Release\Oneka.exe .&quot;' />
				</ExtraCommands>
			</Target>
			<Target title="Test">
				<Option output="bin/Test/test_Oneka" prefix_auto="1" extension_auto="1" />
				<Option object_output="obj/Test/" />
				<Option type="1" />
				<Option compiler="gfortran" />
				<Compiler>
					<Add option="-fimplicit-none" />
					<Add option="-ffree-line-length-none" />
					<Add option="-ffree-form" />
					<Add option="-Wimplicit-interface" />
					<Add option="-Wconversion" />
					<Add option="-pedantic" />
					<Add option="-Wextra" />
					<Add option="-Wall" />
					<Add option="-fcheck=bounds" />
					<Add option="-fcheck=all" />
					<Add option="-g" />
				</Compiler>
			</Target>
		</Build>
		<Compiler>
			<Add option="-Wall" />
		</Compiler>
		<Unit filename="src/aquifer.f95">
			<Option weight="1" />
		</Unit>
		<Unit filename="src/capture_zone.f95">
			<Option weight="3" />
		</Unit>
		<Unit filename="src/constants.f95">
			<Option weight="0" />
		</Unit>
		<Unit filename="src/driver.f95">
			<Option weight="6" />
			<Option target="Debug" />
			<Option target="Release" />
		</Unit>
		<Unit filename="src/error.f95">
			<Option weight="2" />
		</Unit>
		<Unit filename="src/geohydrology.f95">
			<Option weight="0" />
		</Unit>
		<Unit filename="src/main.f95">
			<Option weight="7" />
			<Option target="Debug" />
			<Option target="Release" />
		</Unit>
		<Unit filename="src/model.f95">
			<Option weight="5" />
		</Unit>
		<Unit filename="src/numeric.f95">
			<Option weight="3" />
		</Unit>
		<Unit filename="src/regional.f95">
			<Option weight="4" />
		</Unit>
		<Unit filename="src/utilities.f95">
			<Option weight="1" />
		</Unit>
		<Unit filename="src/well.f95">
			<Option weight="1" />
		</Unit>
		<Unit filename="test/test_Main.f95">
			<Option weight="5" />
			<Option target="Test" />
		</Unit>
		<Unit filename="test/test_Numeric.f95">
			<Option weight="4" />
			<Option target="Test" />
		</Unit>
		<Extensions>
			<code_completion />
			<envvars />
			<debugger />
			<lib_finder disable_auto="1" />
		</Extensions>
	</Project>
</CodeBlocks_project_file>
